lockfileVersion: 5.4

specifiers:
  gridstack: ^8.3.0
  leader-line-new: ^1.1.9

dependencies:
  gridstack: 8.3.0
  leader-line-new: 1.1.9

packages:

  /gridstack/8.3.0:
    resolution: {integrity: sha512-RcL2xskAYKOpakvpSwHdKheG7C7YgNY7777C5m+T1JMjSgcmEc3qPBM573l0NuyjMz4Errx1/3p+rMgUfF4+mw==}
    dev: false

  /leader-line-new/1.1.9:
    resolution: {integrity: sha512-x56aRYaqJTA4aAS2fgbSpvWKY3IxRXDSFeGkNBmCQ3LX44B3F1HEjcBTkCiK5I3W0nPWeUTWe7dTt59VtdfFWw==}
    dev: false
